
Microsoft Visual Studio Solution File, Format Version 12.00
# Visual Studio Version 17
VisualStudioVersion = 17.14.36414.22
MinimumVisualStudioVersion = 10.0.40219.1
Project("{FAE04EC0-301F-11D3-BF4B-00C04F79EFBC}") = "SapaFreshWayForCustomer", "WebSapaFreshWayForCustomer\SapaFreshWayForCustomer.csproj", "{AE405D55-E6C1-48FA-9583-015A27FD9913}"
EndProject
Project("{FAE04EC0-301F-11D3-BF4B-00C04F79EFBC}") = "SapaFreshWayForStaff", "WebSapaFreshWayForStaff\SapaFreshWayForStaff.csproj", "{F3853ACE-E74E-4100-8366-A5D22F1151C2}"
EndProject
Global
	GlobalSection(SolutionConfigurationPlatforms) = preSolution
		Debug|Any CPU = Debug|Any CPU
		Release|Any CPU = Release|Any CPU
	EndGlobalSection
	GlobalSection(ProjectConfigurationPlatforms) = postSolution
		{AE405D55-E6C1-48FA-9583-015A27FD9913}.Debug|Any CPU.ActiveCfg = Debug|Any CPU
		{AE405D55-E6C1-48FA-9583-015A27FD9913}.Debug|Any CPU.Build.0 = Debug|Any CPU
		{AE405D55-E6C1-48FA-9583-015A27FD9913}.Release|Any CPU.ActiveCfg = Release|Any CPU
		{AE405D55-E6C1-48FA-9583-015A27FD9913}.Release|Any CPU.Build.0 = Release|Any CPU
		{F3853ACE-E74E-4100-8366-A5D22F1151C2}.Debug|Any CPU.ActiveCfg = Debug|Any CPU
		{F3853ACE-E74E-4100-8366-A5D22F1151C2}.Debug|Any CPU.Build.0 = Debug|Any CPU
		{F3853ACE-E74E-4100-8366-A5D22F1151C2}.Release|Any CPU.ActiveCfg = Release|Any CPU
		{F3853ACE-E74E-4100-8366-A5D22F1151C2}.Release|Any CPU.Build.0 = Release|Any CPU
	EndGlobalSection
	GlobalSection(SolutionProperties) = preSolution
		HideSolutionNode = FALSE
	EndGlobalSection
	GlobalSection(ExtensibilityGlobals) = postSolution
		SolutionGuid = {DFAB7CDF-EDA7-43FF-8BFE-9CF6D5AD01FF}
	EndGlobalSection
EndGlobal
